
Microsoft Visual Studio Solution File, Format Version 12.00
# Visual Studio Version 17
VisualStudioVersion = 17.5.33516.290
MinimumVisualStudioVersion = 10.0.40219.1
Project("{FAE04EC0-301F-11D3-BF4B-00C04F79EFBC}") = "DatabaseExample", "DatabaseExample\DatabaseExample.csproj", "{D8D12527-BA7B-4F2F-A177-CA5318CBD743}"
EndProject
Global
	GlobalSection(SolutionConfigurationPlatforms) = preSolution
		Debug|Any CPU = Debug|Any CPU
		Release|Any CPU = Release|Any CPU
	EndGlobalSection
	GlobalSection(ProjectConfigurationPlatforms) = postSolution
		{D8D12527-BA7B-4F2F-A177-CA5318CBD743}.Debug|Any CPU.ActiveCfg = Debug|Any CPU
		{D8D12527-BA7B-4F2F-A177-CA5318CBD743}.Debug|Any CPU.Build.0 = Debug|Any CPU
		{D8D12527-BA7B-4F2F-A177-CA5318CBD743}.Release|Any CPU.ActiveCfg = Release|Any CPU
		{D8D12527-BA7B-4F2F-A177-CA5318CBD743}.Release|Any CPU.Build.0 = Release|Any CPU
	EndGlobalSection
	GlobalSection(SolutionProperties) = preSolution
		HideSolutionNode = FALSE
	EndGlobalSection
	GlobalSection(ExtensibilityGlobals) = postSolution
		SolutionGuid = {21CBE06B-67E3-4305-81C4-4B0DF555A09A}
	EndGlobalSection
EndGlobal
